
Microsoft Visual Studio Solution File, Format Version 12.00
# Visual Studio Version 17
VisualStudioVersion = 17.0.31919.166
MinimumVisualStudioVersion = 10.0.40219.1
Project("{FAE04EC0-301F-11D3-BF4B-00C04F79EFBC}") = "SoundProject", "SoundProject.csproj", "{0EE1AC83-B9DB-4DE5-A133-602D3E2B24E6}"
EndProject
Global
	GlobalSection(SolutionConfigurationPlatforms) = preSolution
		Debug|Any CPU = Debug|Any CPU
		Release|Any CPU = Release|Any CPU
	EndGlobalSection
	GlobalSection(ProjectConfigurationPlatforms) = postSolution
		{0EE1AC83-B9DB-4DE5-A133-602D3E2B24E6}.Debug|Any CPU.ActiveCfg = Debug|Any CPU
		{0EE1AC83-B9DB-4DE5-A133-602D3E2B24E6}.Debug|Any CPU.Build.0 = Debug|Any CPU
		{0EE1AC83-B9DB-4DE5-A133-602D3E2B24E6}.Release|Any CPU.ActiveCfg = Release|Any CPU
		{0EE1AC83-B9DB-4DE5-A133-602D3E2B24E6}.Release|Any CPU.Build.0 = Release|Any CPU
	EndGlobalSection
	GlobalSection(SolutionProperties) = preSolution
		HideSolutionNode = FALSE
	EndGlobalSection
	GlobalSection(ExtensibilityGlobals) = postSolution
		SolutionGuid = {FE566D9E-2CA5-40D6-8C6E-A6A5A2B09B1A}
	EndGlobalSection
EndGlobal
